{
  "name": "my-bundle",
  "version": "1.0.0",
  "lockfileVersion": 1,
  "requires": true,
  "dependencies": {
    "noop3": {
      "version": "1000.0.0",
      "resolved": "https://registry.npmjs.org/noop3/-/noop3-1000.0.0.tgz",
      "integrity": "sha512-OkcS5jjmDBhdLt5rwoHtItQfUHP3+NpWA9voB0SHth+KLIoupZEe+3D76bNvS37qG8vg2FFSqQ61blrEtZj1Yw=="
    }
  }
}
